
Microsoft Visual Studio Solution File, Format Version 12.00
# Visual Studio Version 17
VisualStudioVersion = 17.7.34221.43
MinimumVisualStudioVersion = 10.0.40219.1
Project("{FAE04EC0-301F-11D3-BF4B-00C04F79EFBC}") = "ProjetoHeranca", "ProjetoHeranca\ProjetoHeranca.csproj", "{C165370B-705B-48BA-8A21-4D546675FFE9}"
EndProject
Global
	GlobalSection(SolutionConfigurationPlatforms) = preSolution
		Debug|Any CPU = Debug|Any CPU
		Release|Any CPU = Release|Any CPU
	EndGlobalSection
	GlobalSection(ProjectConfigurationPlatforms) = postSolution
		{C165370B-705B-48BA-8A21-4D546675FFE9}.Debug|Any CPU.ActiveCfg = Debug|Any CPU
		{C165370B-705B-48BA-8A21-4D546675FFE9}.Debug|Any CPU.Build.0 = Debug|Any CPU
		{C165370B-705B-48BA-8A21-4D546675FFE9}.Release|Any CPU.ActiveCfg = Release|Any CPU
		{C165370B-705B-48BA-8A21-4D546675FFE9}.Release|Any CPU.Build.0 = Release|Any CPU
	EndGlobalSection
	GlobalSection(SolutionProperties) = preSolution
		HideSolutionNode = FALSE
	EndGlobalSection
	GlobalSection(ExtensibilityGlobals) = postSolution
		SolutionGuid = {6B68CE15-ADF7-4762-894F-BD19FCE44CA0}
	EndGlobalSection
EndGlobal
